Microsoft Visual Studio Solution File, Format Version 12.00
# Visual Studio Version 17
VisualStudioVersion = 17.5.2.0
MinimumVisualStudioVersion = 10.0.40219.1
Project("{FAE04EC0-301F-11D3-BF4B-00C04F79EFBC}") = "02Encapsulamento", "02Encapsulamento.csproj", "{E26CE5DE-701E-1AB7-088C-DB60367F4F07}"
EndProject
Global
	GlobalSection(SolutionConfigurationPlatforms) = preSolution
		Debug|Any CPU = Debug|Any CPU
		Release|Any CPU = Release|Any CPU
	EndGlobalSection
	GlobalSection(ProjectConfigurationPlatforms) = postSolution
		{E26CE5DE-701E-1AB7-088C-DB60367F4F07}.Debug|Any CPU.ActiveCfg = Debug|Any CPU
		{E26CE5DE-701E-1AB7-088C-DB60367F4F07}.Debug|Any CPU.Build.0 = Debug|Any CPU
		{E26CE5DE-701E-1AB7-088C-DB60367F4F07}.Release|Any CPU.ActiveCfg = Release|Any CPU
		{E26CE5DE-701E-1AB7-088C-DB60367F4F07}.Release|Any CPU.Build.0 = Release|Any CPU
	EndGlobalSection
	GlobalSection(SolutionProperties) = preSolution
		HideSolutionNode = FALSE
	EndGlobalSection
	GlobalSection(ExtensibilityGlobals) = postSolution
		SolutionGuid = {8EBA6AA5-261C-4B85-B532-534D23294350}
	EndGlobalSection
EndGlobal
